
Microsoft Visual Studio Solution File, Format Version 12.00
# Visual Studio 15
VisualStudioVersion = 15.0.27130.2010
MinimumVisualStudioVersion = 10.0.40219.1
Project("{FAE04EC0-301F-11D3-BF4B-00C04F79EFBC}") = "Plumage", "Plumage\Plumage.csproj", "{52BD3865-9FDC-48E4-8901-4427EC12E8EF}"
EndProject
Project("{FAE04EC0-301F-11D3-BF4B-00C04F79EFBC}") = "testplumage", "testplumage\testplumage.csproj", "{3ACB86C4-0256-47F9-8437-1BA4552FD6EE}"
EndProject
Project("{F184B08F-C81C-45F6-A57F-5ABD9991F28F}") = "TestWithVB", "TestWithVB\TestWithVB.vbproj", "{BB1C099F-86E8-4F99-B446-49BF8272DEE2}"
EndProject
Project("{FAE04EC0-301F-11D3-BF4B-00C04F79EFBC}") = "SummaryExample01Csharp", "SummaryExample01Csharp\SummaryExample01Csharp.csproj", "{E5DEA315-CF9F-46C5-834B-FFA5EC7F5DB7}"
EndProject
Project("{F184B08F-C81C-45F6-A57F-5ABD9991F28F}") = "SummaryExample01VB", "SummaryExample01VB\SummaryExample01VB.vbproj", "{708E908E-5A9E-4BCC-865F-E10F584B4AC4}"
EndProject
Project("{8BC9CEB8-8B4A-11D0-8D11-00A0C91BC942}") = "SummaryExample01CPP", "SummaryExample01CPP\SummaryExample01CPP.vcxproj", "{50270175-FF49-4DB2-A8D4-45F106731E2E}"
EndProject
Project("{FAE04EC0-301F-11D3-BF4B-00C04F79EFBC}") = "MSUnitTests", "UnitTests\MSUnitTests.csproj", "{FF022B7F-C07A-4D80-AAD2-7887D667AD88}"
EndProject
Global
	GlobalSection(SolutionConfigurationPlatforms) = preSolution
		Debug|Any CPU = Debug|Any CPU
		Debug|Mixed Platforms = Debug|Mixed Platforms
		Debug|Win32 = Debug|Win32
		Release|Any CPU = Release|Any CPU
		Release|Mixed Platforms = Release|Mixed Platforms
		Release|Win32 = Release|Win32
	EndGlobalSection
	GlobalSection(ProjectConfigurationPlatforms) = postSolution
		{52BD3865-9FDC-48E4-8901-4427EC12E8EF}.Debug|Any CPU.ActiveCfg = Debug|Any CPU
		{52BD3865-9FDC-48E4-8901-4427EC12E8EF}.Debug|Any CPU.Build.0 = Debug|Any CPU
		{52BD3865-9FDC-48E4-8901-4427EC12E8EF}.Debug|Mixed Platforms.ActiveCfg = Debug|Any CPU
		{52BD3865-9FDC-48E4-8901-4427EC12E8EF}.Debug|Mixed Platforms.Build.0 = Debug|Any CPU
		{52BD3865-9FDC-48E4-8901-4427EC12E8EF}.Debug|Win32.ActiveCfg = Debug|Any CPU
		{52BD3865-9FDC-48E4-8901-4427EC12E8EF}.Release|Any CPU.ActiveCfg = Release|Any CPU
		{52BD3865-9FDC-48E4-8901-4427EC12E8EF}.Release|Any CPU.Build.0 = Release|Any CPU
		{52BD3865-9FDC-48E4-8901-4427EC12E8EF}.Release|Mixed Platforms.ActiveCfg = Release|Any CPU
		{52BD3865-9FDC-48E4-8901-4427EC12E8EF}.Release|Mixed Platforms.Build.0 = Release|Any CPU
		{52BD3865-9FDC-48E4-8901-4427EC12E8EF}.Release|Win32.ActiveCfg = Release|Any CPU
		{3ACB86C4-0256-47F9-8437-1BA4552FD6EE}.Debug|Any CPU.ActiveCfg = Debug|Any CPU
		{3ACB86C4-0256-47F9-8437-1BA4552FD6EE}.Debug|Any CPU.Build.0 = Debug|Any CPU
		{3ACB86C4-0256-47F9-8437-1BA4552FD6EE}.Debug|Mixed Platforms.ActiveCfg = Debug|Any CPU
		{3ACB86C4-0256-47F9-8437-1BA4552FD6EE}.Debug|Mixed Platforms.Build.0 = Debug|Any CPU
		{3ACB86C4-0256-47F9-8437-1BA4552FD6EE}.Debug|Win32.ActiveCfg = Debug|Any CPU
		{3ACB86C4-0256-47F9-8437-1BA4552FD6EE}.Release|Any CPU.ActiveCfg = Release|Any CPU
		{3ACB86C4-0256-47F9-8437-1BA4552FD6EE}.Release|Any CPU.Build.0 = Release|Any CPU
		{3ACB86C4-0256-47F9-8437-1BA4552FD6EE}.Release|Mixed Platforms.ActiveCfg = Release|Any CPU
		{3ACB86C4-0256-47F9-8437-1BA4552FD6EE}.Release|Mixed Platforms.Build.0 = Release|Any CPU
		{3ACB86C4-0256-47F9-8437-1BA4552FD6EE}.Release|Win32.ActiveCfg = Release|Any CPU
		{BB1C099F-86E8-4F99-B446-49BF8272DEE2}.Debug|Any CPU.ActiveCfg = Debug|Any CPU
		{BB1C099F-86E8-4F99-B446-49BF8272DEE2}.Debug|Any CPU.Build.0 = Debug|Any CPU
		{BB1C099F-86E8-4F99-B446-49BF8272DEE2}.Debug|Mixed Platforms.ActiveCfg = Debug|Any CPU
		{BB1C099F-86E8-4F99-B446-49BF8272DEE2}.Debug|Mixed Platforms.Build.0 = Debug|Any CPU
		{BB1C099F-86E8-4F99-B446-49BF8272DEE2}.Debug|Win32.ActiveCfg = Debug|Any CPU
		{BB1C099F-86E8-4F99-B446-49BF8272DEE2}.Release|Any CPU.ActiveCfg = Release|Any CPU
		{BB1C099F-86E8-4F99-B446-49BF8272DEE2}.Release|Any CPU.Build.0 = Release|Any CPU
		{BB1C099F-86E8-4F99-B446-49BF8272DEE2}.Release|Mixed Platforms.ActiveCfg = Release|Any CPU
		{BB1C099F-86E8-4F99-B446-49BF8272DEE2}.Release|Mixed Platforms.Build.0 = Release|Any CPU
		{BB1C099F-86E8-4F99-B446-49BF8272DEE2}.Release|Win32.ActiveCfg = Release|Any CPU
		{E5DEA315-CF9F-46C5-834B-FFA5EC7F5DB7}.Debug|Any CPU.ActiveCfg = Debug|Any CPU
		{E5DEA315-CF9F-46C5-834B-FFA5EC7F5DB7}.Debug|Any CPU.Build.0 = Debug|Any CPU
		{E5DEA315-CF9F-46C5-834B-FFA5EC7F5DB7}.Debug|Mixed Platforms.ActiveCfg = Debug|Any CPU
		{E5DEA315-CF9F-46C5-834B-FFA5EC7F5DB7}.Debug|Mixed Platforms.Build.0 = Debug|Any CPU
		{E5DEA315-CF9F-46C5-834B-FFA5EC7F5DB7}.Debug|Win32.ActiveCfg = Debug|Any CPU
		{E5DEA315-CF9F-46C5-834B-FFA5EC7F5DB7}.Release|Any CPU.ActiveCfg = Release|Any CPU
		{E5DEA315-CF9F-46C5-834B-FFA5EC7F5DB7}.Release|Any CPU.Build.0 = Release|Any CPU
		{E5DEA315-CF9F-46C5-834B-FFA5EC7F5DB7}.Release|Mixed Platforms.ActiveCfg = Release|Any CPU
		{E5DEA315-CF9F-46C5-834B-FFA5EC7F5DB7}.Release|Mixed Platforms.Build.0 = Release|Any CPU
		{E5DEA315-CF9F-46C5-834B-FFA5EC7F5DB7}.Release|Win32.ActiveCfg = Release|Any CPU
		{708E908E-5A9E-4BCC-865F-E10F584B4AC4}.Debug|Any CPU.ActiveCfg = Debug|Any CPU
		{708E908E-5A9E-4BCC-865F-E10F584B4AC4}.Debug|Any CPU.Build.0 = Debug|Any CPU
		{708E908E-5A9E-4BCC-865F-E10F584B4AC4}.Debug|Mixed Platforms.ActiveCfg = Debug|Any CPU
		{708E908E-5A9E-4BCC-865F-E10F584B4AC4}.Debug|Mixed Platforms.Build.0 = Debug|Any CPU
		{708E908E-5A9E-4BCC-865F-E10F584B4AC4}.Debug|Win32.ActiveCfg = Debug|Any CPU
		{708E908E-5A9E-4BCC-865F-E10F584B4AC4}.Release|Any CPU.ActiveCfg = Release|Any CPU
		{708E908E-5A9E-4BCC-865F-E10F584B4AC4}.Release|Any CPU.Build.0 = Release|Any CPU
		{708E908E-5A9E-4BCC-865F-E10F584B4AC4}.Release|Mixed Platforms.ActiveCfg = Release|Any CPU
		{708E908E-5A9E-4BCC-865F-E10F584B4AC4}.Release|Mixed Platforms.Build.0 = Release|Any CPU
		{708E908E-5A9E-4BCC-865F-E10F584B4AC4}.Release|Win32.ActiveCfg = Release|Any CPU
		{50270175-FF49-4DB2-A8D4-45F106731E2E}.Debug|Any CPU.ActiveCfg = Debug|Win32
		{50270175-FF49-4DB2-A8D4-45F106731E2E}.Debug|Mixed Platforms.ActiveCfg = Debug|Win32
		{50270175-FF49-4DB2-A8D4-45F106731E2E}.Debug|Mixed Platforms.Build.0 = Debug|Win32
		{50270175-FF49-4DB2-A8D4-45F106731E2E}.Debug|Win32.ActiveCfg = Debug|Win32
		{50270175-FF49-4DB2-A8D4-45F106731E2E}.Debug|Win32.Build.0 = Debug|Win32
		{50270175-FF49-4DB2-A8D4-45F106731E2E}.Release|Any CPU.ActiveCfg = Release|Win32
		{50270175-FF49-4DB2-A8D4-45F106731E2E}.Release|Mixed Platforms.ActiveCfg = Release|Win32
		{50270175-FF49-4DB2-A8D4-45F106731E2E}.Release|Mixed Platforms.Build.0 = Release|Win32
		{50270175-FF49-4DB2-A8D4-45F106731E2E}.Release|Win32.ActiveCfg = Release|Win32
		{50270175-FF49-4DB2-A8D4-45F106731E2E}.Release|Win32.Build.0 = Release|Win32
		{FF022B7F-C07A-4D80-AAD2-7887D667AD88}.Debug|Any CPU.ActiveCfg = Debug|Any CPU
		{FF022B7F-C07A-4D80-AAD2-7887D667AD88}.Debug|Any CPU.Build.0 = Debug|Any CPU
		{FF022B7F-C07A-4D80-AAD2-7887D667AD88}.Debug|Mixed Platforms.ActiveCfg = Debug|Any CPU
		{FF022B7F-C07A-4D80-AAD2-7887D667AD88}.Debug|Mixed Platforms.Build.0 = Debug|Any CPU
		{FF022B7F-C07A-4D80-AAD2-7887D667AD88}.Debug|Win32.ActiveCfg = Debug|Any CPU
		{FF022B7F-C07A-4D80-AAD2-7887D667AD88}.Debug|Win32.Build.0 = Debug|Any CPU
		{FF022B7F-C07A-4D80-AAD2-7887D667AD88}.Release|Any CPU.ActiveCfg = Release|Any CPU
		{FF022B7F-C07A-4D80-AAD2-7887D667AD88}.Release|Any CPU.Build.0 = Release|Any CPU
		{FF022B7F-C07A-4D80-AAD2-7887D667AD88}.Release|Mixed Platforms.ActiveCfg = Release|Any CPU
		{FF022B7F-C07A-4D80-AAD2-7887D667AD88}.Release|Mixed Platforms.Build.0 = Release|Any CPU
		{FF022B7F-C07A-4D80-AAD2-7887D667AD88}.Release|Win32.ActiveCfg = Release|Any CPU
		{FF022B7F-C07A-4D80-AAD2-7887D667AD88}.Release|Win32.Build.0 = Release|Any CPU
	EndGlobalSection
	GlobalSection(SolutionProperties) = preSolution
		HideSolutionNode = FALSE
	EndGlobalSection
	GlobalSection(ExtensibilityGlobals) = postSolution
		SolutionGuid = {B5EFEE83-DB97-4C9D-BE03-6B6A707E85A6}
	EndGlobalSection
EndGlobal
